# @generated - this file is auto-generated by `mise lock` https://mise.en.dev/dev-tools/mise-lock.html

[[tools.claude]]
version = "2.1.214"
backend = "http:claude"

[tools.claude."platforms.linux-arm64"]
checksum = "sha256:4c38f26a57a42619ee813f15dc39fc1fa4fe0bb403215c3cdc342b58fa689c3c"
url = "https://storage.googleapis.com/claude-code-dist-86c565f3-f756-42ad-8dfa-d59b1c096819/claude-code-releases/2.1.214/linux-arm64/claude"

[tools.claude."platforms.linux-arm64-musl"]
checksum = "sha256:4c38f26a57a42619ee813f15dc39fc1fa4fe0bb403215c3cdc342b58fa689c3c"
url = "https://storage.googleapis.com/claude-code-dist-86c565f3-f756-42ad-8dfa-d59b1c096819/claude-code-releases/2.1.214/linux-arm64/claude"

[tools.claude."platforms.linux-x64"]
checksum = "sha256:3c029136f7c81f54ed4a38e9d52e655aad536433dbbde50519c8c31bb646ad14"
url = "https://storage.googleapis.com/claude-code-dist-86c565f3-f756-42ad-8dfa-d59b1c096819/claude-code-releases/2.1.214/linux-x64/claude"

[tools.claude."platforms.linux-x64-musl"]
checksum = "sha256:3c029136f7c81f54ed4a38e9d52e655aad536433dbbde50519c8c31bb646ad14"
url = "https://storage.googleapis.com/claude-code-dist-86c565f3-f756-42ad-8dfa-d59b1c096819/claude-code-releases/2.1.214/linux-x64/claude"

[tools.claude."platforms.macos-arm64"]
checksum = "sha256:59796dd18e9d77f1256f367db6d28ce4bd9cd5968e402ad3a327aac36abc6dec"
url = "https://storage.googleapis.com/claude-code-dist-86c565f3-f756-42ad-8dfa-d59b1c096819/claude-code-releases/2.1.214/darwin-arm64/claude"

[tools.claude."platforms.macos-x64"]
checksum = "sha256:d979ba15662828969e5d0f39f1367798a07ef6e031b524efdad37fe7caf84010"
url = "https://storage.googleapis.com/claude-code-dist-86c565f3-f756-42ad-8dfa-d59b1c096819/claude-code-releases/2.1.214/darwin-x64/claude"

[tools.claude."platforms.windows-x64"]
checksum = "sha256:da26afacbc58d6f569d0921ff6825772220c734327f5f976c0c73bd0b7dd3cf8"
url = "https://storage.googleapis.com/claude-code-dist-86c565f3-f756-42ad-8dfa-d59b1c096819/claude-code-releases/2.1.214/win32-x64/claude.exe"

[[tools."conda:xz-tools"]]
version = "5.8.3"
backend = "conda:xz-tools"

[tools."conda:xz-tools".options]
channel = "conda-forge"

[[tools.elixir]]
version = "1.20.1-otp-29"
backend = "core:elixir"

[tools.elixir."platforms.linux-arm64"]
checksum = "sha256:6f8aa7149d1ff24d048c5bcfc8c4e37e463faef7e8ae8f5ea105c95f7d4f3c9a"
url = "https://builds.hex.pm/builds/elixir/v1.20.1-otp-29.zip"

[tools.elixir."platforms.linux-arm64-musl"]
checksum = "sha256:6f8aa7149d1ff24d048c5bcfc8c4e37e463faef7e8ae8f5ea105c95f7d4f3c9a"
url = "https://builds.hex.pm/builds/elixir/v1.20.1-otp-29.zip"

[tools.elixir."platforms.linux-x64"]
checksum = "sha256:6f8aa7149d1ff24d048c5bcfc8c4e37e463faef7e8ae8f5ea105c95f7d4f3c9a"
url = "https://builds.hex.pm/builds/elixir/v1.20.1-otp-29.zip"

[tools.elixir."platforms.linux-x64-musl"]
checksum = "sha256:6f8aa7149d1ff24d048c5bcfc8c4e37e463faef7e8ae8f5ea105c95f7d4f3c9a"
url = "https://builds.hex.pm/builds/elixir/v1.20.1-otp-29.zip"

[tools.elixir."platforms.macos-arm64"]
checksum = "sha256:6f8aa7149d1ff24d048c5bcfc8c4e37e463faef7e8ae8f5ea105c95f7d4f3c9a"
url = "https://builds.hex.pm/builds/elixir/v1.20.1-otp-29.zip"

[tools.elixir."platforms.macos-x64"]
checksum = "sha256:6f8aa7149d1ff24d048c5bcfc8c4e37e463faef7e8ae8f5ea105c95f7d4f3c9a"
url = "https://builds.hex.pm/builds/elixir/v1.20.1-otp-29.zip"

[tools.elixir."platforms.windows-x64"]
checksum = "sha256:6f8aa7149d1ff24d048c5bcfc8c4e37e463faef7e8ae8f5ea105c95f7d4f3c9a"
url = "https://builds.hex.pm/builds/elixir/v1.20.1-otp-29.zip"

[[tools.erlang]]
version = "29.0.2"
backend = "core:erlang"

[tools.erlang.options]
precompiled = "if_available"
precompiled_os = "ubuntu-24.04"

[tools.erlang."platforms.linux-arm64"]
url = "https://builds.hex.pm/builds/otp/arm64/ubuntu-24.04/OTP-29.0.2.tar.gz"

[tools.erlang."platforms.linux-x64"]
url = "https://builds.hex.pm/builds/otp/amd64/ubuntu-24.04/OTP-29.0.2.tar.gz"

[[tools.erlang]]
version = "29.0.2"
backend = "core:erlang"

[tools.erlang.options]
precompiled = "if_available"

[tools.erlang."platforms.macos-arm64"]
checksum = "sha256:ec6e09dee496adf646b0a22eef26b769e7f8032c83dd10292c58d50fb38e2210"
url = "https://github.com/erlef/otp_builds/releases/download/OTP-29.0.2/otp-aarch64-apple-darwin.tar.gz"
url_api = "https://api.github.com/repos/erlef/otp_builds/releases/assets/443541329"

[tools.erlang."platforms.macos-x64"]
checksum = "sha256:3da4495ce6372f5fda002ed1ae45832a11e05aaa9928790e0bf1d14e3ee84657"
url = "https://github.com/erlef/otp_builds/releases/download/OTP-29.0.2/otp-x86_64-apple-darwin.tar.gz"
url_api = "https://api.github.com/repos/erlef/otp_builds/releases/assets/443557769"

[tools.erlang."platforms.windows-x64"]
checksum = "sha256:dffd5fca2e841267bfb4e961c38bb18436a4b55548deae727d5691a984f7b80f"
url = "https://github.com/erlang/otp/releases/download/OTP-29.0.2/otp_win64_29.0.2.zip"
url_api = "https://api.github.com/repos/erlang/otp/releases/assets/443733928"

[[tools.pkl]]
version = "0.31.1"
backend = "aqua:apple/pkl"

[tools.pkl."platforms.linux-arm64"]
checksum = "sha256:7ef10e743daa921fb94ae7bdb9ec6986f362bf250c55814b9ea2aeb13f2d083e"
url = "https://github.com/apple/pkl/releases/download/0.31.1/pkl-linux-aarch64"
url_api = "https://api.github.com/repos/apple/pkl/releases/assets/382243722"

[tools.pkl."platforms.linux-arm64-musl"]
checksum = "sha256:7ef10e743daa921fb94ae7bdb9ec6986f362bf250c55814b9ea2aeb13f2d083e"
url = "https://github.com/apple/pkl/releases/download/0.31.1/pkl-linux-aarch64"
url_api = "https://api.github.com/repos/apple/pkl/releases/assets/382243722"

[tools.pkl."platforms.linux-x64"]
checksum = "sha256:618f13955d755cafbfe8c9cba1d27635848cd49dbc6abffd398d2751db1231bf"
url = "https://github.com/apple/pkl/releases/download/0.31.1/pkl-linux-amd64"
url_api = "https://api.github.com/repos/apple/pkl/releases/assets/382243718"

[tools.pkl."platforms.linux-x64-musl"]
checksum = "sha256:618f13955d755cafbfe8c9cba1d27635848cd49dbc6abffd398d2751db1231bf"
url = "https://github.com/apple/pkl/releases/download/0.31.1/pkl-linux-amd64"
url_api = "https://api.github.com/repos/apple/pkl/releases/assets/382243718"

[tools.pkl."platforms.macos-arm64"]
checksum = "sha256:1b6a5438d9624cd2798a7530721bbbfa27ef72efe5c878a1b6c546c6e7ca0e8f"
url = "https://github.com/apple/pkl/releases/download/0.31.1/pkl-macos-aarch64"
url_api = "https://api.github.com/repos/apple/pkl/releases/assets/382243720"

[tools.pkl."platforms.macos-x64"]
checksum = "sha256:22123ed4ae4c03afa8c54c69f77f0bec39b0fa0f67b09d6d148e0a376a2a471d"
url = "https://github.com/apple/pkl/releases/download/0.31.1/pkl-macos-amd64"
url_api = "https://api.github.com/repos/apple/pkl/releases/assets/382243726"

[tools.pkl."platforms.windows-x64"]
checksum = "sha256:a8834481667325b44c539dbb758d7365a16389070f343c04b639bbe525ede013"
url = "https://github.com/apple/pkl/releases/download/0.31.1/pkl-windows-amd64.exe"
url_api = "https://api.github.com/repos/apple/pkl/releases/assets/382243744"

[[tools.zig]]
version = "0.15.2"
backend = "core:zig"

[tools.zig."platforms.linux-arm64"]
checksum = "sha256:958ed7d1e00d0ea76590d27666efbf7a932281b3d7ba0c6b01b0ff26498f667f"
url = "https://ziglang.org/download/0.15.2/zig-aarch64-linux-0.15.2.tar.xz"

[tools.zig."platforms.linux-arm64-musl"]
checksum = "sha256:958ed7d1e00d0ea76590d27666efbf7a932281b3d7ba0c6b01b0ff26498f667f"
url = "https://ziglang.org/download/0.15.2/zig-aarch64-linux-0.15.2.tar.xz"

[tools.zig."platforms.linux-x64"]
checksum = "sha256:02aa270f183da276e5b5920b1dac44a63f1a49e55050ebde3aecc9eb82f93239"
url = "https://ziglang.org/download/0.15.2/zig-x86_64-linux-0.15.2.tar.xz"

[tools.zig."platforms.linux-x64-musl"]
checksum = "sha256:02aa270f183da276e5b5920b1dac44a63f1a49e55050ebde3aecc9eb82f93239"
url = "https://ziglang.org/download/0.15.2/zig-x86_64-linux-0.15.2.tar.xz"

[tools.zig."platforms.macos-arm64"]
checksum = "sha256:3cc2bab367e185cdfb27501c4b30b1b0653c28d9f73df8dc91488e66ece5fa6b"
url = "https://ziglang.org/download/0.15.2/zig-aarch64-macos-0.15.2.tar.xz"

[tools.zig."platforms.macos-x64"]
checksum = "sha256:375b6909fc1495d16fc2c7db9538f707456bfc3373b14ee83fdd3e22b3d43f7f"
url = "https://ziglang.org/download/0.15.2/zig-x86_64-macos-0.15.2.tar.xz"

[tools.zig."platforms.windows-x64"]
checksum = "sha256:3a0ed1e8799a2f8ce2a6e6290a9ff22e6906f8227865911fb7ddedc3cc14cb0c"
url = "https://ziglang.org/download/0.15.2/zig-x86_64-windows-0.15.2.zip"
